
Microsoft Visual Studio Solution File, Format Version 12.00
# Visual Studio Version 17
VisualStudioVersion = 17.14.37012.4 d17.14
MinimumVisualStudioVersion = 10.0.40219.1
Project("{FAE04EC0-301F-11D3-BF4B-00C04F79EFBC}") = "FinanceTracker.API", "FinanceTracker.API.csproj", "{B86EE19F-D63E-C0A8-373D-6539DD48F254}"
EndProject
Project("{FAE04EC0-301F-11D3-BF4B-00C04F79EFBC}") = "FinanceTracker.Domain", "..\Finance.Tracker.Domain\FinanceTracker.Domain.csproj", "{D4565538-C957-E0E5-933E-AF8159C1211F}"
EndProject
Project("{FAE04EC0-301F-11D3-BF4B-00C04F79EFBC}") = "FinanceTracker.Application", "..\FinanceTracker.Application\FinanceTracker.Application.csproj", "{31BCA973-67D2-2A44-2015-2E7A19534BE8}"
EndProject
Project("{FAE04EC0-301F-11D3-BF4B-00C04F79EFBC}") = "FinanceTracker.Infrastructure", "..\FinanceTracker.Infrastructure\FinanceTracker.Infrastructure.csproj", "{A0DC73C9-7710-C728-62A7-DA0C29708831}"
EndProject
Project("{FAE04EC0-301F-11D3-BF4B-00C04F79EFBC}") = "FinanceTracker.Tests", "..\FinanceTracker.Tests\FinanceTracker.Tests.csproj", "{C154BAA5-59C8-B2E9-B730-547C5375A350}"
EndProject
Global
	GlobalSection(SolutionConfigurationPlatforms) = preSolution
		Debug|Any CPU = Debug|Any CPU
		Release|Any CPU = Release|Any CPU
	EndGlobalSection
	GlobalSection(ProjectConfigurationPlatforms) = postSolution
		{B86EE19F-D63E-C0A8-373D-6539DD48F254}.Debug|Any CPU.ActiveCfg = Debug|Any CPU
		{B86EE19F-D63E-C0A8-373D-6539DD48F254}.Debug|Any CPU.Build.0 = Debug|Any CPU
		{B86EE19F-D63E-C0A8-373D-6539DD48F254}.Release|Any CPU.ActiveCfg = Release|Any CPU
		{B86EE19F-D63E-C0A8-373D-6539DD48F254}.Release|Any CPU.Build.0 = Release|Any CPU
		{D4565538-C957-E0E5-933E-AF8159C1211F}.Debug|Any CPU.ActiveCfg = Debug|Any CPU
		{D4565538-C957-E0E5-933E-AF8159C1211F}.Debug|Any CPU.Build.0 = Debug|Any CPU
		{D4565538-C957-E0E5-933E-AF8159C1211F}.Release|Any CPU.ActiveCfg = Release|Any CPU
		{D4565538-C957-E0E5-933E-AF8159C1211F}.Release|Any CPU.Build.0 = Release|Any CPU
		{31BCA973-67D2-2A44-2015-2E7A19534BE8}.Debug|Any CPU.ActiveCfg = Debug|Any CPU
		{31BCA973-67D2-2A44-2015-2E7A19534BE8}.Debug|Any CPU.Build.0 = Debug|Any CPU
		{31BCA973-67D2-2A44-2015-2E7A19534BE8}.Release|Any CPU.ActiveCfg = Release|Any CPU
		{31BCA973-67D2-2A44-2015-2E7A19534BE8}.Release|Any CPU.Build.0 = Release|Any CPU
		{A0DC73C9-7710-C728-62A7-DA0C29708831}.Debug|Any CPU.ActiveCfg = Debug|Any CPU
		{A0DC73C9-7710-C728-62A7-DA0C29708831}.Debug|Any CPU.Build.0 = Debug|Any CPU
		{A0DC73C9-7710-C728-62A7-DA0C29708831}.Release|Any CPU.ActiveCfg = Release|Any CPU
		{A0DC73C9-7710-C728-62A7-DA0C29708831}.Release|Any CPU.Build.0 = Release|Any CPU
		{C154BAA5-59C8-B2E9-B730-547C5375A350}.Debug|Any CPU.ActiveCfg = Debug|Any CPU
		{C154BAA5-59C8-B2E9-B730-547C5375A350}.Debug|Any CPU.Build.0 = Debug|Any CPU
		{C154BAA5-59C8-B2E9-B730-547C5375A350}.Release|Any CPU.ActiveCfg = Release|Any CPU
		{C154BAA5-59C8-B2E9-B730-547C5375A350}.Release|Any CPU.Build.0 = Release|Any CPU
	EndGlobalSection
	GlobalSection(SolutionProperties) = preSolution
		HideSolutionNode = FALSE
	EndGlobalSection
	GlobalSection(ExtensibilityGlobals) = postSolution
		SolutionGuid = {C7DD578F-A756-4CCE-8453-44277E15DE28}
	EndGlobalSection
EndGlobal
